version = 1
revision = 3
requires-python = ">=3.12"

[[package]]
name = "colorama"
version = "0.4.6"
source = { registry = "https://pypi.org/simple" }
sdist = { url = "https://files.pythonhosted.org/packages/d8/53/6f443c9a4a8358a93a6792e2acffb9d9d5cb0a5cfd8802644b7b1c9a02e4/colorama-0.4.6.tar.gz", hash = "sha256:08695f5cb7ed6e0531a20572697297273c47b8cae5a63ffc6d6ed5c201be6e44", size = 27697, upload-time = "2022-10-25T02:36:22.414Z" }
wheels = [
    { url = "https://files.pythonhosted.org/packages/d1/d6/3965ed04c63042e047cb6a3e6ed1a63a35087b6a609aa3a15ed8ac56c221/colorama-0.4.6-py2.py3-none-any.whl", hash = "sha256:4f1d9991f5acc0ca119f9d443620b77f9d6b33703e51011c16baf57afb285fc6", size = 25335, upload-time = "2022-10-25T02:36:20.889Z" },
]

[[package]]
name = "fluxbound"
version = "0.1.0"
source = { editable = "." }
dependencies = [
    { name = "python-libsbml" },
    { name = "sympy" },
]

[package.dev-dependencies]
dev = [
    { name = "pytest" },
    { name = "ruff" },
]

[package.metadata]
requires-dist = [
    { name = "python-libsbml" },
    { name = "sympy" },
]

[package.metadata.requires-dev]
dev = [
    { name = "pytest", specifier = ">=9.0.3" },
    { name = "ruff", specifier = ">=0.15.15" },
]

[[package]]
name = "iniconfig"
version = "2.3.0"
source = { registry = "https://pypi.org/simple" }
sdist = { url = "https://files.pythonhosted.org/packages/72/34/14ca021ce8e5dfedc35312d08ba8bf51fdd999c576889fc2c24cb97f4f10/iniconfig-2.3.0.tar.gz", hash = "sha256:c76315c77db068650d49c5b56314774a7804df16fee4402c1f19d6d15d8c4730", size = 20503, upload-time = "2025-10-18T21:55:43.219Z" }
wheels = [
    { url = "https://files.pythonhosted.org/packages/cb/b1/3846dd7f199d53cb17f49cba7e651e9ce294d8497c8c150530ed11865bb8/iniconfig-2.3.0-py3-none-any.whl", hash = "sha256:f631c04d2c48c52b84d0d0549c99ff3859c98df65b3101406327ecc7d53fbf12", size = 7484, upload-time = "2025-10-18T21:55:41.639Z" },
]

[[package]]
name = "mpmath"
version = "1.3.0"
source = { registry = "https://pypi.org/simple" }
sdist = { url = "https://files.pythonhosted.org/packages/e0/47/dd32fa426cc72114383ac549964eecb20ecfd886d1e5ccf5340b55b02f57/mpmath-1.3.0.tar.gz", hash = "sha256:7a28eb2a9774d00c7bc92411c19a89209d5da7c4c9a9e227be8330a23a25b91f", size = 508106, upload-time = "2023-03-07T16:47:11.061Z" }
wheels = [
    { url = "https://files.pythonhosted.org/packages/43/e3/7d92a15f894aa0c9c4b49b8ee9ac9850d6e63b03c9c32c0367a13ae62209/mpmath-1.3.0-py3-none-any.whl", hash = "sha256:a0b2b9fe80bbcd81a6647ff13108738cfb482d481d826cc0e02f5b35e5c88d2c", size = 536198, upload-time = "2023-03-07T16:47:09.197Z" },
]

[[package]]
name = "packaging"
version = "26.2"
source = { registry = "https://pypi.org/simple" }
sdist = { url = "https://files.pythonhosted.org/packages/d7/f1/e7a6dd94a8d4a5626c03e4e99c87f241ba9e350cd9e6d75123f992427270/packaging-26.2.tar.gz", hash = "sha256:ff452ff5a3e828ce110190feff1178bb1f2ea2281fa2075aadb987c2fb221661", size = 228134, upload-time = "2026-04-24T20:15:23.917Z" }
wheels = [
    { url = "https://files.pythonhosted.org/packages/df/b2/87e62e8c3e2f4b32e5fe99e0b86d576da1312593b39f47d8ceef365e95ed/packaging-26.2-py3-none-any.whl", hash = "sha256:5fc45236b9446107ff2415ce77c807cee2862cb6fac22b8a73826d0693b0980e", size = 100195, upload-time = "2026-04-24T20:15:22.081Z" },
]

[[package]]
name = "pluggy"
version = "1.6.0"
source = { registry = "https://pypi.org/simple" }
sdist = { url = "https://files.pythonhosted.org/packages/f9/e2/3e91f31a7d2b083fe6ef3fa267035b518369d9511ffab804f839851d2779/pluggy-1.6.0.tar.gz", hash = "sha256:7dcc130b76258d33b90f61b658791dede3486c3e6bfb003ee5c9bfb396dd22f3", size = 69412, upload-time = "2025-05-15T12:30:07.975Z" }
wheels = [
    { url = "https://files.pythonhosted.org/packages/54/20/4d324d65cc6d9205fabedc306948156824eb9f0ee1633355a8f7ec5c66bf/pluggy-1.6.0-py3-none-any.whl", hash = "sha256:e920276dd6813095e9377c0bc5566d94c932c33b27a3e3945d8389c374dd4746", size = 20538, upload-time = "2025-05-15T12:30:06.134Z" },
]

[[package]]
name = "pygments"
version = "2.20.0"
source = { registry = "https://pypi.org/simple" }
sdist = { url = "https://files.pythonhosted.org/packages/c3/b2/bc9c9196916376152d655522fdcebac55e66de6603a76a02bca1b6414f6c/pygments-2.20.0.tar.gz", hash = "sha256:6757cd03768053ff99f3039c1a36d6c0aa0b263438fcab17520b30a303a82b5f", size = 4955991, upload-time = "2026-03-29T13:29:33.898Z" }
wheels = [
    { url = "https://files.pythonhosted.org/packages/f4/7e/a72dd26f3b0f4f2bf1dd8923c85f7ceb43172af56d63c7383eb62b332364/pygments-2.20.0-py3-none-any.whl", hash = "sha256:81a9e26dd42fd28a23a2d169d86d7ac03b46e2f8b59ed4698fb4785f946d0176", size = 1231151, upload-time = "2026-03-29T13:29:30.038Z" },
]

[[package]]
name = "pytest"
version = "9.0.3"
source = { registry = "https://pypi.org/simple" }
dependencies = [
    { name = "colorama", marker = "sys_platform == 'win32'" },
    { name = "iniconfig" },
    { name = "packaging" },
    { name = "pluggy" },
    { name = "pygments" },
]
sdist = { url = "https://files.pythonhosted.org/packages/7d/0d/549bd94f1a0a402dc8cf64563a117c0f3765662e2e668477624baeec44d5/pytest-9.0.3.tar.gz", hash = "sha256:b86ada508af81d19edeb213c681b1d48246c1a91d304c6c81a427674c17eb91c", size = 1572165, upload-time = "2026-04-07T17:16:18.027Z" }
wheels = [
    { url = "https://files.pythonhosted.org/packages/d4/24/a372aaf5c9b7208e7112038812994107bc65a84cd00e0354a88c2c77a617/pytest-9.0.3-py3-none-any.whl", hash = "sha256:2c5efc453d45394fdd706ade797c0a81091eccd1d6e4bccfcd476e2b8e0ab5d9", size = 375249, upload-time = "2026-04-07T17:16:16.13Z" },
]

[[package]]
name = "python-libsbml"
version = "5.21.1"
source = { registry = "https://pypi.org/simple" }
sdist = { url = "https://files.pythonhosted.org/packages/c0/ba/4009c3ef2b0778a5581f1e0bd0679674728e111235e1e89e4f02278ca210/python_libsbml-5.21.1.tar.gz", hash = "sha256:378077e37a1b5cd32d8c33bf845b23c22b7a6915d217d7ab811e71e022f982ea", size = 41854207, upload-time = "2026-03-09T13:15:22.184Z" }
wheels = [
    { url = "https://files.pythonhosted.org/packages/cd/de/a12f1948ae34072e3c4efc6447ac2e8736edb995d4076b370318b7bf07ab/python_libsbml-5.21.1-cp312-cp312-macosx_10_13_x86_64.whl", hash = "sha256:ac6cc430597e4640f805dcb8cef1e3434af3e4461e71071d621870dacffdfd5f", size = 6312256, upload-time = "2026-03-09T13:13:08.187Z" },
    { url = "https://files.pythonhosted.org/packages/05/ba/c16e83dff59056e8d287c5592e43607f230e1a419e833a367301d433f18f/python_libsbml-5.21.1-cp312-cp312-macosx_11_0_arm64.whl", hash = "sha256:0e8134c3a5934ea1824f1839d4a0ee2cc1614159f931828b83d15867764d9dec", size = 6070271, upload-time = "2026-03-09T13:13:09.796Z" },
    { url = "https://files.pythonhosted.org/packages/3c/c7/f345ee8fc45231f055559b26288f2c70dced97b7830d1b04e84b0e332e3b/python_libsbml-5.21.1-cp312-cp312-manylinux_2_24_aarch64.manylinux_2_28_aarch64.whl", hash = "sha256:441c557ad62f27f3baa16bd555530c84b7c102423fdaed2128ce9de766a69daa", size = 7450946, upload-time = "2026-03-09T13:13:11.264Z" },
    { url = "https://files.pythonhosted.org/packages/40/cc/eed5aeb1141f53e788bc3acc9bc9f758b3d6ca45a9db85eee053c8166d4b/python_libsbml-5.21.1-cp312-cp312-manylinux_2_24_x86_64.manylinux_2_28_x86_64.whl", hash = "sha256:8e0fc4b1e2feb4af0028cffe1e8eff4e448f1124bf1e895e08e987aeeb2d8e55", size = 8049037, upload-time = "2026-03-09T13:13:14.285Z" },
    { url = "https://files.pythonhosted.org/packages/17/d8/add9c72917802e02bec66769fd11f1ec7fa82376fdc16945f6d2508f7468/python_libsbml-5.21.1-cp312-cp312-win_amd64.whl", hash = "sha256:84101a40c11a45c996c274a042454600b205d663d48c5a58ee327565e20c890e", size = 5986612, upload-time = "2026-03-09T13:13:17.118Z" },
    { url = "https://files.pythonhosted.org/packages/1c/e3/5c2b48b238bfadd00f9c3d0654261a1f82d36d9f2b3d7292f32b3e81caa9/python_libsbml-5.21.1-cp312-cp312-win_arm64.whl", hash = "sha256:5698f5d4216eb0c9d89895346d13a935d9ed7f23f4635076889cf7892fadcbf8", size = 5690450, upload-time = "2026-03-09T13:13:18.676Z" },
    { url = "https://files.pythonhosted.org/packages/e1/8c/7199423a392b3446e86182251d9e25bcf9de7b3561cfd57debeebee7b1aa/python_libsbml-5.21.1-cp313-cp313-macosx_10_13_x86_64.whl", hash = "sha256:be391216a5f87a77b5d0e1e5f6ccee0ce707779e80d6e861100ba97fa37ab5f7", size = 6311758, upload-time = "2026-03-09T13:13:20.15Z" },
    { url = "https://files.pythonhosted.org/packages/ae/b6/6287e4e155c491649e9af858e54996e55d7584edb0e51bbafc5bb4f7af92/python_libsbml-5.21.1-cp313-cp313-macosx_11_0_arm64.whl", hash = "sha256:6a90ff4644f042eb2663b2b4f9ebf879d89b36f555eafc7314b7c97dadab2b32", size = 6069771, upload-time = "2026-03-09T13:13:22.119Z" },
    { url = "https://files.pythonhosted.org/packages/71/ac/4fb981decc5fa683aafede4023634aa238733c51deab26cef6b64588f469/python_libsbml-5.21.1-cp313-cp313-manylinux_2_24_aarch64.manylinux_2_28_aarch64.whl", hash = "sha256:13b4ec2ad54b94a6444cb3e51ec58d32f7e5148bd131c8e6903ca6fbb5ae7adf", size = 7448055, upload-time = "2026-03-09T13:13:23.679Z" },
    { url = "https://files.pythonhosted.org/packages/27/58/807dd9ea43b9efff114e3af2de7d314baa3749c3b68eb6108846e813116c/python_libsbml-5.21.1-cp313-cp313-manylinux_2_24_x86_64.manylinux_2_28_x86_64.whl", hash = "sha256:a4b320b1fda9f0c2b2111f3e9e64a428958f130cb9a2c3696b83ef6dc153a5d1", size = 8041898, upload-time = "2026-03-09T13:13:25.183Z" },
    { url = "https://files.pythonhosted.org/packages/e5/3f/6e3a42fcd9d98a26bc654620f3119485cfdd696ee543925965ac8fdd95bc/python_libsbml-5.21.1-cp313-cp313-win_amd64.whl", hash = "sha256:b9d118ab3330a415870006e0da22d634fb68d78bb6e6752a02a5a35ba4b047ab", size = 5985446, upload-time = "2026-03-09T13:13:26.733Z" },
    { url = "https://files.pythonhosted.org/packages/67/d8/2f91fd304fdbb90a9ff4eb05c04f2c57b855203aa99038a1ef082b3bfc9a/python_libsbml-5.21.1-cp313-cp313-win_arm64.whl", hash = "sha256:97d48d63f9c94a8e71e697150633d9828c00d349c22d5e29bf35fd3143ae7c09", size = 5690350, upload-time = "2026-03-09T13:13:28.262Z" },
    { url = "https://files.pythonhosted.org/packages/67/d1/6bd8e4806d82e886102ac47f9088485c69bb93a89334c4ee344ba017aa43/python_libsbml-5.21.1-cp314-cp314-macosx_10_15_x86_64.whl", hash = "sha256:4a5464d35da12528e82b84f4d9a29e47a175674dc79ac649cebb5e77301ef2d9", size = 6316618, upload-time = "2026-03-09T13:13:29.791Z" },
    { url = "https://files.pythonhosted.org/packages/d9/7b/6a63fd696ba1af05f045de6152d044beecd3953bcf519a1a8544380cbc7d/python_libsbml-5.21.1-cp314-cp314-macosx_11_0_arm64.whl", hash = "sha256:5cf37eb796c2f9abe5f231db9ddaca2813cf1b831c7a0b1d5c6dc3352545ad77", size = 6069871, upload-time = "2026-03-09T13:13:32.718Z" },
    { url = "https://files.pythonhosted.org/packages/ec/fb/4d59090c0c61608a9d3b1127bd2b13c513145b2f12d9dcd2e160ec9375ae/python_libsbml-5.21.1-cp314-cp314-manylinux_2_24_aarch64.manylinux_2_28_aarch64.whl", hash = "sha256:c404100cf1fb61eda7cab777fe0eced84bae3db32531541f6d312c137ad64a11", size = 7444751, upload-time = "2026-03-09T13:13:34.121Z" },
    { url = "https://files.pythonhosted.org/packages/f2/5f/32ae50a5464314e5e2b6d10cac439d94fabe882963a2eca57bd965694f9a/python_libsbml-5.21.1-cp314-cp314-manylinux_2_24_x86_64.manylinux_2_28_x86_64.whl", hash = "sha256:b56f1d0a20b8768f7318043019a02d6582ef58a355521bef32c9f28f4c1d8619", size = 8039270, upload-time = "2026-03-09T13:13:35.561Z" },
    { url = "https://files.pythonhosted.org/packages/21/52/5960736a6e89449a119fb6cb17675356ae81ce5b0ac94eac92408944c811/python_libsbml-5.21.1-cp314-cp314-win_amd64.whl", hash = "sha256:7b2f0618889d0995630602ca23407ff9fa879fc78c5e119d04164d0d6f65df77", size = 6080260, upload-time = "2026-03-09T13:13:37.205Z" },
    { url = "https://files.pythonhosted.org/packages/e7/05/76eb10a1436e3c4b11ddab53ebbc94474047a1e9c96f424d01c299fe8a31/python_libsbml-5.21.1-cp314-cp314-win_arm64.whl", hash = "sha256:4bd70514282d48502c52b95eb2e31f99ed0f8732f3eb9a733d7f0fcfffe70f47", size = 5780207, upload-time = "2026-03-09T13:13:38.7Z" },
]

[[package]]
name = "ruff"
version = "0.15.15"
source = { registry = "https://pypi.org/simple" }
sdist = { url = "https://files.pythonhosted.org/packages/84/6f/a76f7d96e5c962f5b69cee865e49c15c1116897c01990faa8a57edb62e7f/ruff-0.15.15.tar.gz", hash = "sha256:b8dff018130b46d8e5bf0f926ef6b60cf871d6d5ae45fc9334e09632daa741d6", size = 4706985, upload-time = "2026-05-28T14:16:57.784Z" }
wheels = [
    { url = "https://files.pythonhosted.org/packages/fa/9d/3a45c05b8ab04b4705989de70a79008e27c8003296a0feaee9edc18dd7e9/ruff-0.15.15-py3-none-linux_armv6l.whl", hash = "sha256:cf93e5388f412e1b108b1f8b34a6e036b70fe8aff89393befad96fe48670311b", size = 10710652, upload-time = "2026-05-28T14:16:06.701Z" },
    { url = "https://files.pythonhosted.org/packages/05/66/da974431624bf3b49f6ee1f9543c02d929ff1cba78b0d5a79c38cf21f744/ruff-0.15.15-py3-none-macosx_10_12_x86_64.whl", hash = "sha256:ac5a646d1f6a7dadd5d50842dae2c1f9862ac887ef5d1b1375e02def791fde6e", size = 11096615, upload-time = "2026-05-28T14:16:23.313Z" },
    { url = "https://files.pythonhosted.org/packages/8c/09/7443452e5d290230a712103f2fdceeef7184f3ec99a2bd01c8be78aaceb5/ruff-0.15.15-py3-none-macosx_11_0_arm64.whl", hash = "sha256:77d955a431430c66f72dd94e379ad38a16daea3d25094872ac4edf9e797be530", size = 10436683, upload-time = "2026-05-28T14:16:40.974Z" },
    { url = "https://files.pythonhosted.org/packages/53/01/d330c26a57fa4f3943a14424904027428315b700fe4d14a84bb123a649e5/ruff-0.15.15-py3-none-manylinux_2_17_aarch64.manylinux2014_aarch64.whl", hash = "sha256:7614ee79c69788cf6cedd568069ade9cecc22a1ad20494efe8d0c9ebb4b622d4", size = 10769064, upload-time = "2026-05-28T14:16:28.905Z" },
    { url = "https://files.pythonhosted.org/packages/1d/85/cc8770f8bdff541b1da8392d1634141fe4a0e3f4ee596605959b7906c27f/ruff-0.15.15-py3-none-manylinux_2_17_armv7l.manylinux2014_armv7l.whl", hash = "sha256:3cdb1679e06a1f6b47bc384714ae96f6e2fb65ca441eb78c43d2ca554176ce1f", size = 10511987, upload-time = "2026-05-28T14:16:43.732Z" },
    { url = "https://files.pythonhosted.org/packages/7c/29/8c190c1472b63013583ba391f3342036e02010544c1270455ed8e519bdf3/ruff-0.15.15-py3-none-manylinux_2_17_i686.manylinux2014_i686.whl", hash = "sha256:2728b93d7b23a603ea2c0ac6eb73d760bd38ec9de35f35fb41e18f7a3fee7622", size = 11275100, upload-time = "2026-05-28T14:16:55.244Z" },
    { url = "https://files.pythonhosted.org/packages/9f/6b/7e145ce2cc8e63d6834eca03d83a0e18d121def5c69f91b4cf4011ed4879/ruff-0.15.15-py3-none-manylinux_2_17_ppc64le.manylinux2014_ppc64le.whl", hash = "sha256:be582fcc0db438902c7792b08d6ddf6c9b9e21addaa10092c2c741cfb09e5a45", size = 12176903, upload-time = "2026-05-28T14:16:14.368Z" },
    { url = "https://files.pythonhosted.org/packages/80/a3/d5974637f68e451f7fadf015cf3101d1cd7d8ba5027cffe0b9e3826ebe6b/ruff-0.15.15-py3-none-manylinux_2_17_s390x.manylinux2014_s390x.whl", hash = "sha256:7aa77465b8ecaf1a27bea098d696f7fed5e1eccbd10b321b682d6de586ae5627", size = 11404550, upload-time = "2026-05-28T14:16:20.138Z" },
    { url = "https://files.pythonhosted.org/packages/fe/1c/e6e5e568f22be4fb05d6244234aba384c06b451252453b821e1a529263cf/ruff-0.15.15-py3-none-manylinux_2_17_x86_64.manylinux2014_x86_64.whl", hash = "sha256:48decfa11d740de4889de623be1463308346312f2409a56e24aa280c86162dc4", size = 11382027, upload-time = "2026-05-28T14:16:46.615Z" },
    { url = "https://files.pythonhosted.org/packages/1d/01/170921b49fcd2e8858825593f91cf7146c3e40a5c3e6df763e4bb0484dde/ruff-0.15.15-py3-none-manylinux_2_31_riscv64.whl", hash = "sha256:a5015088452ca0081387063649ec67f06d3d1d6b8b936a1f836b5e9657ecd48c", size = 11366041, upload-time = "2026-05-28T14:16:26.247Z" },
    { url = "https://files.pythonhosted.org/packages/87/54/a7bad711d7de93254e15e06a4c375b89a03d18de45d3e5dcc86a4472fb1a/ruff-0.15.15-py3-none-musllinux_1_2_aarch64.whl", hash = "sha256:f5294aab6356c81600fcdea3a62bb1b924dfd5e91767c12318d3f68f86af57cd", size = 10741795, upload-time = "2026-05-28T14:16:17.11Z" },
    { url = "https://files.pythonhosted.org/packages/c9/31/38c075963668f8b41c6914ee0f6f318727fbe30ab9145cb29e6df464c5fa/ruff-0.15.15-py3-none-musllinux_1_2_armv7l.whl", hash = "sha256:db5bd4d802415cca656dc1616070b725952d6ae95eb5d4831e49fbd94a38f75f", size = 10511117, upload-time = "2026-05-28T14:16:31.767Z" },
    { url = "https://files.pythonhosted.org/packages/9d/96/6ff689e1f7e375d1d97075eca022f74c2bab59554a432fe4d2e6f091986a/ruff-0.15.15-py3-none-musllinux_1_2_i686.whl", hash = "sha256:587a6278ed42059191c1a466e490bd7930fb50bd2e255398bc29616c895a61cb", size = 10994867, upload-time = "2026-05-28T14:16:35.149Z" },
    { url = "https://files.pythonhosted.org/packages/c3/c2/5dce0ab9f92a8d534fa62b9bf9caca3eddb8c1a81b616f5e195ada4f0d6e/ruff-0.15.15-py3-none-musllinux_1_2_x86_64.whl", hash = "sha256:df0c1c084f5f4be9812f61518a45c440d3c30d69ce4bf6c5270e66d38338f02a", size = 11482101, upload-time = "2026-05-28T14:16:49.598Z" },
    { url = "https://files.pythonhosted.org/packages/b1/c0/1003b60edd697c649faf61f1a34094b1abb38fb3d1181e3f895781250a08/ruff-0.15.15-py3-none-win32.whl", hash = "sha256:29428ea79694afbe756d45fd59b36f22b6b020dc0443cf7de0173046236964b9", size = 10716774, upload-time = "2026-05-28T14:16:52.337Z" },
    { url = "https://files.pythonhosted.org/packages/02/a8/1269eddd6945a06c23f055ef7848886e37cf9d6a8bebb386a3115f01470c/ruff-0.15.15-py3-none-win_amd64.whl", hash = "sha256:8df0323902e15e24bc4bf246da830573d3cf3352bd0b9a164eab335d111ff4a4", size = 11868463, upload-time = "2026-05-28T14:16:11.333Z" },
    { url = "https://files.pythonhosted.org/packages/4e/b2/920464c907b191e37469d477a1aa8bc048b8f36c4c1610dfa4ab87b39e18/ruff-0.15.15-py3-none-win_arm64.whl", hash = "sha256:3c8ceca6792f38196b8f589bc92eccd03eef286602da92e5dc05cc42ef6441b7", size = 11138498, upload-time = "2026-05-28T14:16:38.425Z" },
]

[[package]]
name = "sympy"
version = "1.14.0"
source = { registry = "https://pypi.org/simple" }
dependencies = [
    { name = "mpmath" },
]
sdist = { url = "https://files.pythonhosted.org/packages/83/d3/803453b36afefb7c2bb238361cd4ae6125a569b4db67cd9e79846ba2d68c/sympy-1.14.0.tar.gz", hash = "sha256:d3d3fe8df1e5a0b42f0e7bdf50541697dbe7d23746e894990c030e2b05e72517", size = 7793921, upload-time = "2025-04-27T18:05:01.611Z" }
wheels = [
    { url = "https://files.pythonhosted.org/packages/a2/09/77d55d46fd61b4a135c444fc97158ef34a095e5681d0a6c10b75bf356191/sympy-1.14.0-py3-none-any.whl", hash = "sha256:e091cc3e99d2141a0ba2847328f5479b05d94a6635cb96148ccb3f34671bd8f5", size = 6299353, upload-time = "2025-04-27T18:04:59.103Z" },
]
